
Microsoft Visual Studio Solution File, Format Version 12.00
# Visual Studio 14
VisualStudioVersion = 14.0.24720.0
MinimumVisualStudioVersion = 10.0.40219.1
Project("{FAE04EC0-301F-11D3-BF4B-00C04F79EFBC}") = "VisaPortal", "VisaPortal\VisaPortal.csproj", "{C88037EA-C898-427A-B787-C8FDE50150F3}"
EndProject
Project("{FAE04EC0-301F-11D3-BF4B-00C04F79EFBC}") = "VisaPortal.Tests", "VisaPortal.Tests\VisaPortal.Tests.csproj", "{B9AB6DA0-D104-4750-96CB-7C554962A8E1}"
EndProject
Global
	GlobalSection(SolutionConfigurationPlatforms) = preSolution
		Debug|Any CPU = Debug|Any CPU
		Release|Any CPU = Release|Any CPU
	EndGlobalSection
	GlobalSection(ProjectConfigurationPlatforms) = postSolution
		{C88037EA-C898-427A-B787-C8FDE50150F3}.Debug|Any CPU.ActiveCfg = Debug|Any CPU
		{C88037EA-C898-427A-B787-C8FDE50150F3}.Debug|Any CPU.Build.0 = Debug|Any CPU
		{C88037EA-C898-427A-B787-C8FDE50150F3}.Release|Any CPU.ActiveCfg = Release|Any CPU
		{C88037EA-C898-427A-B787-C8FDE50150F3}.Release|Any CPU.Build.0 = Release|Any CPU
		{B9AB6DA0-D104-4750-96CB-7C554962A8E1}.Debug|Any CPU.ActiveCfg = Debug|Any CPU
		{B9AB6DA0-D104-4750-96CB-7C554962A8E1}.Debug|Any CPU.Build.0 = Debug|Any CPU
		{B9AB6DA0-D104-4750-96CB-7C554962A8E1}.Release|Any CPU.ActiveCfg = Release|Any CPU
		{B9AB6DA0-D104-4750-96CB-7C554962A8E1}.Release|Any CPU.Build.0 = Release|Any CPU
	EndGlobalSection
	GlobalSection(SolutionProperties) = preSolution
		HideSolutionNode = FALSE
	EndGlobalSection
EndGlobal
